{
  "name": "ajs-1",
  "version": "1.0.0",
  "lockfileVersion": 2,
  "requires": true,
  "packages": {
    "": {
      "name": "ajs-1",
      "version": "1.0.0",
      "license": "ISC",
      "dependencies": {
        "@SofiaPeturkina/ajs": "npm:@sofiapeturkina/ajs@^1.0.0"
      }
    },
    "node_modules/@SofiaPeturkina/ajs": {
      "name": "@sofiapeturkina/ajs",
      "version": "1.0.0",
      "resolved": "https://npm.pkg.github.com/download/@SofiaPeturkina/ajs/1.0.0/8dbc012c7f416f2196a4d7887d071ae641535d08f18c77c9bf0ff0e0ba7baaca",
      "integrity": "sha512-yBEvcdGwU1A+SVDin8IZac1z08BxKIqhsRvCyVncEshKFGoLCiEZhuPOrxbtzsH6C0K8pYQIapBbpr8GyNxzsA==",
      "license": "ISC"
    }
  },
  "dependencies": {
    "@SofiaPeturkina/ajs": {
      "version": "npm:@sofiapeturkina/ajs@1.0.0",
      "resolved": "https://npm.pkg.github.com/download/@SofiaPeturkina/ajs/1.0.0/8dbc012c7f416f2196a4d7887d071ae641535d08f18c77c9bf0ff0e0ba7baaca",
      "integrity": "sha512-yBEvcdGwU1A+SVDin8IZac1z08BxKIqhsRvCyVncEshKFGoLCiEZhuPOrxbtzsH6C0K8pYQIapBbpr8GyNxzsA=="
    }
  }
}
